# GENERATED FILE - DO NOT EDIT DIRECTLY
schema_version: 1

bundle:
  version: "0.9.20"
  release_sequence: 75
  source_tree_digest: "sha256:7ae81149b853a9f27921fa5165a40b1972775a3e790de6b34ba7b6f0f4884083"
  digest: "sha256:947e613d148ff8677fbccea792f716042b8cefa5a84435d4773fb0324a6e338d"
  attestation_identity_digest: "sha256:e40d858bd1f80b33c8e9871ae858ed61bbb20d8e7f50f9a63f45bd890cfe3623"

projection:
  input_digest: "sha256:aa9b673d2c53e855ed48155bb6b0c0af4f8a0c03fd63f1ce545cbc719b669553"
  output_digest: "sha256:93803cc2a0bec609f6890407e3e87f3028419f7a7320bff4a1404f53950faa7e"
  files:
    - path: ".gds/compiled-policy.json"
      digest: "sha256:ebf1be605fce6fa8f3764aaa07466d208ef06f559a85864db7249298c2de9827"
