# GENERATED FILE - DO NOT EDIT DIRECTLY
schema_version: 1

bundle:
  version: "0.9.16"
  release_sequence: 71
  source_tree_digest: "sha256:dbcb00bc4d1c18671f47c381802cf2b48836b81dcf6990ede39653dab6bf1eed"
  digest: "sha256:ecd72d86010f5636058a8203a9ede28bb5745c2fd6c55bdb9e6732bb78f46288"
  attestation_identity_digest: "sha256:0f3bb69912cf4a0dc82f7719422bdb63c724bf5b8009c0948946d11305394099"

projection:
  input_digest: "sha256:9d7d5e3036b9dbccc0b0639d7f6f733da1d5e937fd480ef6514ad10156ca7eff"
  output_digest: "sha256:04733eabcace97328320453d2ec1341d15e12f59ae6cce576b165fc5c18c4010"
  files:
    - path: ".gds/compiled-policy.json"
      digest: "sha256:6538c88439a3764653c080a171d3e55d1230526020836169e500b11bf8e88675"
